
Microsoft Visual Studio Solution File, Format Version 12.00
# Visual Studio Version 17
VisualStudioVersion = 17.3.32922.545
MinimumVisualStudioVersion = 10.0.40219.1
Project("{9A19103F-16F7-4668-BE54-9A1E7A4F7556}") = "Stage0", "Stage0\Stage0.csproj", "{641CC493-A0D9-4A27-B17B-3C6920D748C3}"
EndProject
Project("{2150E333-8FDC-42A3-9474-1A3956D46DE8}") = "Solution Items", "Solution Items", "{2FF12D06-346F-43A3-B232-3609ACBF7E9E}"
	ProjectSection(SolutionItems) = preProject
		..\README.md = ..\README.md
	EndProjectSection
EndProject
Project("{9A19103F-16F7-4668-BE54-9A1E7A4F7556}") = "DalFacade", "DalFacade\DalFacade.csproj", "{7BECBE85-67F8-4170-9098-C9539B815361}"
EndProject
Project("{9A19103F-16F7-4668-BE54-9A1E7A4F7556}") = "DalList", "DalList\DalList.csproj", "{202DA985-656C-4DC4-8094-C4CADB5AC171}"
EndProject
Project("{9A19103F-16F7-4668-BE54-9A1E7A4F7556}") = "DalTest", "DalTest\DalTest.csproj", "{4E351A02-4756-4C6D-87A7-B267A95CBA90}"
EndProject
Project("{9A19103F-16F7-4668-BE54-9A1E7A4F7556}") = "BL", "BL\BL.csproj", "{536C2839-41BF-472B-AEDD-6633A741134B}"
EndProject
Project("{9A19103F-16F7-4668-BE54-9A1E7A4F7556}") = "BlTest", "BlTest\BlTest.csproj", "{4D05EFBE-32BA-440F-AA67-013A3D7CC039}"
EndProject
Project("{9A19103F-16F7-4668-BE54-9A1E7A4F7556}") = "PL", "PL\PL.csproj", "{61ECC6B3-8CD9-4E6F-B125-EC241910B28F}"
EndProject
Project("{2150E333-8FDC-42A3-9474-1A3956D46DE8}") = "xml", "xml", "{D8497343-9A9D-4173-9CA7-0D4F3953B6DC}"
	ProjectSection(SolutionItems) = preProject
		xml\Config.xml = xml\Config.xml
		xml\dal-config.xml = xml\dal-config.xml
		xml\Order.xml = xml\Order.xml
		xml\OrderItem.xml = xml\OrderItem.xml
		xml\Products.xml = xml\Products.xml
	EndProjectSection
EndProject
Project("{9A19103F-16F7-4668-BE54-9A1E7A4F7556}") = "DalXml", "DalXml\DalXml.csproj", "{7C401EC6-790E-414F-BDD6-80EDA59C4954}"
EndProject
Global
	GlobalSection(SolutionConfigurationPlatforms) = preSolution
		Debug|Any CPU = Debug|Any CPU
		Release|Any CPU = Release|Any CPU
	EndGlobalSection
	GlobalSection(ProjectConfigurationPlatforms) = postSolution
		{641CC493-A0D9-4A27-B17B-3C6920D748C3}.Debug|Any CPU.ActiveCfg = Debug|Any CPU
		{641CC493-A0D9-4A27-B17B-3C6920D748C3}.Debug|Any CPU.Build.0 = Debug|Any CPU
		{641CC493-A0D9-4A27-B17B-3C6920D748C3}.Release|Any CPU.ActiveCfg = Release|Any CPU
		{641CC493-A0D9-4A27-B17B-3C6920D748C3}.Release|Any CPU.Build.0 = Release|Any CPU
		{7BECBE85-67F8-4170-9098-C9539B815361}.Debug|Any CPU.ActiveCfg = Debug|Any CPU
		{7BECBE85-67F8-4170-9098-C9539B815361}.Debug|Any CPU.Build.0 = Debug|Any CPU
		{7BECBE85-67F8-4170-9098-C9539B815361}.Release|Any CPU.ActiveCfg = Release|Any CPU
		{7BECBE85-67F8-4170-9098-C9539B815361}.Release|Any CPU.Build.0 = Release|Any CPU
		{202DA985-656C-4DC4-8094-C4CADB5AC171}.Debug|Any CPU.ActiveCfg = Debug|Any CPU
		{202DA985-656C-4DC4-8094-C4CADB5AC171}.Debug|Any CPU.Build.0 = Debug|Any CPU
		{202DA985-656C-4DC4-8094-C4CADB5AC171}.Release|Any CPU.ActiveCfg = Release|Any CPU
		{202DA985-656C-4DC4-8094-C4CADB5AC171}.Release|Any CPU.Build.0 = Release|Any CPU
		{4E351A02-4756-4C6D-87A7-B267A95CBA90}.Debug|Any CPU.ActiveCfg = Debug|Any CPU
		{4E351A02-4756-4C6D-87A7-B267A95CBA90}.Debug|Any CPU.Build.0 = Debug|Any CPU
		{4E351A02-4756-4C6D-87A7-B267A95CBA90}.Release|Any CPU.ActiveCfg = Release|Any CPU
		{4E351A02-4756-4C6D-87A7-B267A95CBA90}.Release|Any CPU.Build.0 = Release|Any CPU
		{536C2839-41BF-472B-AEDD-6633A741134B}.Debug|Any CPU.ActiveCfg = Debug|Any CPU
		{536C2839-41BF-472B-AEDD-6633A741134B}.Debug|Any CPU.Build.0 = Debug|Any CPU
		{536C2839-41BF-472B-AEDD-6633A741134B}.Release|Any CPU.ActiveCfg = Release|Any CPU
		{536C2839-41BF-472B-AEDD-6633A741134B}.Release|Any CPU.Build.0 = Release|Any CPU
		{4D05EFBE-32BA-440F-AA67-013A3D7CC039}.Debug|Any CPU.ActiveCfg = Debug|Any CPU
		{4D05EFBE-32BA-440F-AA67-013A3D7CC039}.Debug|Any CPU.Build.0 = Debug|Any CPU
		{4D05EFBE-32BA-440F-AA67-013A3D7CC039}.Release|Any CPU.ActiveCfg = Release|Any CPU
		{4D05EFBE-32BA-440F-AA67-013A3D7CC039}.Release|Any CPU.Build.0 = Release|Any CPU
		{61ECC6B3-8CD9-4E6F-B125-EC241910B28F}.Debug|Any CPU.ActiveCfg = Debug|Any CPU
		{61ECC6B3-8CD9-4E6F-B125-EC241910B28F}.Debug|Any CPU.Build.0 = Debug|Any CPU
		{61ECC6B3-8CD9-4E6F-B125-EC241910B28F}.Release|Any CPU.ActiveCfg = Release|Any CPU
		{61ECC6B3-8CD9-4E6F-B125-EC241910B28F}.Release|Any CPU.Build.0 = Release|Any CPU
		{7C401EC6-790E-414F-BDD6-80EDA59C4954}.Debug|Any CPU.ActiveCfg = Debug|Any CPU
		{7C401EC6-790E-414F-BDD6-80EDA59C4954}.Debug|Any CPU.Build.0 = Debug|Any CPU
		{7C401EC6-790E-414F-BDD6-80EDA59C4954}.Release|Any CPU.ActiveCfg = Release|Any CPU
		{7C401EC6-790E-414F-BDD6-80EDA59C4954}.Release|Any CPU.Build.0 = Release|Any CPU
	EndGlobalSection
	GlobalSection(SolutionProperties) = preSolution
		HideSolutionNode = FALSE
	EndGlobalSection
	GlobalSection(ExtensibilityGlobals) = postSolution
		SolutionGuid = {BBD8C4F6-A218-4489-BCE7-1F9611C24C40}
	EndGlobalSection
EndGlobal
